
Microsoft Visual Studio Solution File, Format Version 12.00
# Visual Studio Version 17
VisualStudioVersion = 17.5.002.0
MinimumVisualStudioVersion = 10.0.40219.1
Project("{9A19103F-16F7-4668-BE54-9A1E7A4F7556}") = "Practice-Blazor", "Practice-Blazor.csproj", "{E1B574A1-DA34-40C9-A486-8CC7D9061283}"
EndProject
Project("{FAE04EC0-301F-11D3-BF4B-00C04F79EFBC}") = "RazorClassLibrary1", "..\RazorClassLibrary1\RazorClassLibrary1.csproj", "{1E33B57B-0624-46B3-8EE5-13CF356F8D59}"
EndProject
Global
	GlobalSection(SolutionConfigurationPlatforms) = preSolution
		Debug|Any CPU = Debug|Any CPU
		Release|Any CPU = Release|Any CPU
	EndGlobalSection
	GlobalSection(ProjectConfigurationPlatforms) = postSolution
		{E1B574A1-DA34-40C9-A486-8CC7D9061283}.Debug|Any CPU.ActiveCfg = Debug|Any CPU
		{E1B574A1-DA34-40C9-A486-8CC7D9061283}.Debug|Any CPU.Build.0 = Debug|Any CPU
		{E1B574A1-DA34-40C9-A486-8CC7D9061283}.Release|Any CPU.ActiveCfg = Release|Any CPU
		{E1B574A1-DA34-40C9-A486-8CC7D9061283}.Release|Any CPU.Build.0 = Release|Any CPU
		{1E33B57B-0624-46B3-8EE5-13CF356F8D59}.Debug|Any CPU.ActiveCfg = Debug|Any CPU
		{1E33B57B-0624-46B3-8EE5-13CF356F8D59}.Debug|Any CPU.Build.0 = Debug|Any CPU
		{1E33B57B-0624-46B3-8EE5-13CF356F8D59}.Release|Any CPU.ActiveCfg = Release|Any CPU
		{1E33B57B-0624-46B3-8EE5-13CF356F8D59}.Release|Any CPU.Build.0 = Release|Any CPU
	EndGlobalSection
	GlobalSection(SolutionProperties) = preSolution
		HideSolutionNode = FALSE
	EndGlobalSection
	GlobalSection(ExtensibilityGlobals) = postSolution
		SolutionGuid = {11A88C43-35BF-4FCB-BA4B-90E9C8D6C617}
	EndGlobalSection
EndGlobal
