
Microsoft Visual Studio Solution File, Format Version 12.00
# Visual Studio Version 17
VisualStudioVersion = 17.8.34408.163
MinimumVisualStudioVersion = 10.0.40219.1
Project("{9A19103F-16F7-4668-BE54-9A1E7A4F7556}") = "WebAssembly", "WebAssembly\WebAssembly.csproj", "{22D6AF14-6D42-4BE0-9471-78182F9B48C9}"
EndProject
Project("{9A19103F-16F7-4668-BE54-9A1E7A4F7556}") = "BethanysPieShopHRM.Shared", "BethanysPieShopHRM.Shared\BethanysPieShopHRM.Shared.csproj", "{E8A53060-1697-4050-B999-2E24D36AF93E}"
EndProject
Project("{9A19103F-16F7-4668-BE54-9A1E7A4F7556}") = "BethanysPieShopHRM.Api", "BethanysPieShopHRM.Api\BethanysPieShopHRM.Api.csproj", "{384D225B-699D-464F-B204-CED5831749F3}"
EndProject
Project("{9A19103F-16F7-4668-BE54-9A1E7A4F7556}") = "ComponentsLibrary", "BethanysPieShopHRM.ComponentsLibrary\ComponentsLibrary.csproj", "{E0FACEF5-6C58-4072-A044-AB0C49408188}"
EndProject
Project("{FAE04EC0-301F-11D3-BF4B-00C04F79EFBC}") = "Tests", "Tests\Tests.csproj", "{53504CF3-4105-47EA-8F89-C047EF60ECC8}"
EndProject
Global
	GlobalSection(SolutionConfigurationPlatforms) = preSolution
		Debug|Any CPU = Debug|Any CPU
		Release|Any CPU = Release|Any CPU
	EndGlobalSection
	GlobalSection(ProjectConfigurationPlatforms) = postSolution
		{22D6AF14-6D42-4BE0-9471-78182F9B48C9}.Debug|Any CPU.ActiveCfg = Debug|Any CPU
		{22D6AF14-6D42-4BE0-9471-78182F9B48C9}.Debug|Any CPU.Build.0 = Debug|Any CPU
		{22D6AF14-6D42-4BE0-9471-78182F9B48C9}.Release|Any CPU.ActiveCfg = Release|Any CPU
		{22D6AF14-6D42-4BE0-9471-78182F9B48C9}.Release|Any CPU.Build.0 = Release|Any CPU
		{E8A53060-1697-4050-B999-2E24D36AF93E}.Debug|Any CPU.ActiveCfg = Debug|Any CPU
		{E8A53060-1697-4050-B999-2E24D36AF93E}.Debug|Any CPU.Build.0 = Debug|Any CPU
		{E8A53060-1697-4050-B999-2E24D36AF93E}.Release|Any CPU.ActiveCfg = Release|Any CPU
		{E8A53060-1697-4050-B999-2E24D36AF93E}.Release|Any CPU.Build.0 = Release|Any CPU
		{384D225B-699D-464F-B204-CED5831749F3}.Debug|Any CPU.ActiveCfg = Debug|Any CPU
		{384D225B-699D-464F-B204-CED5831749F3}.Debug|Any CPU.Build.0 = Debug|Any CPU
		{384D225B-699D-464F-B204-CED5831749F3}.Release|Any CPU.ActiveCfg = Release|Any CPU
		{384D225B-699D-464F-B204-CED5831749F3}.Release|Any CPU.Build.0 = Release|Any CPU
		{E0FACEF5-6C58-4072-A044-AB0C49408188}.Debug|Any CPU.ActiveCfg = Debug|Any CPU
		{E0FACEF5-6C58-4072-A044-AB0C49408188}.Debug|Any CPU.Build.0 = Debug|Any CPU
		{E0FACEF5-6C58-4072-A044-AB0C49408188}.Release|Any CPU.ActiveCfg = Release|Any CPU
		{E0FACEF5-6C58-4072-A044-AB0C49408188}.Release|Any CPU.Build.0 = Release|Any CPU
		{53504CF3-4105-47EA-8F89-C047EF60ECC8}.Debug|Any CPU.ActiveCfg = Debug|Any CPU
		{53504CF3-4105-47EA-8F89-C047EF60ECC8}.Debug|Any CPU.Build.0 = Debug|Any CPU
		{53504CF3-4105-47EA-8F89-C047EF60ECC8}.Release|Any CPU.ActiveCfg = Release|Any CPU
		{53504CF3-4105-47EA-8F89-C047EF60ECC8}.Release|Any CPU.Build.0 = Release|Any CPU
	EndGlobalSection
	GlobalSection(SolutionProperties) = preSolution
		HideSolutionNode = FALSE
	EndGlobalSection
	GlobalSection(ExtensibilityGlobals) = postSolution
		SolutionGuid = {6267CA2A-96AD-481D-966A-8A6BAE881F76}
	EndGlobalSection
EndGlobal
